// !$*UTF8*$!
{
	archiveVersion = 1;
	classes = {
	};
	objectVersion = 50;
	objects = {

/* Begin PBXBuildFile section */
		CA47C1AF23D39C7C00302576 /* PriceManager.swift in Sources */ = {isa = PBXBuildFile; fileRef = CA47C1AE23D39C7C00302576 /* PriceManager.swift */; };
		CA47C1B123D3A17700302576 /* PriceModel.swift in Sources */ = {isa = PBXBuildFile; fileRef = CA47C1B023D3A17700302576 /* PriceModel.swift */; };
		CA47C1B323D3A19B00302576 /* PriceData.swift in Sources */ = {isa = PBXBuildFile; fileRef = CA47C1B223D3A19B00302576 /* PriceData.swift */; };
		CADA0A5323D2508A003E0636 /* AppDelegate.swift in Sources */ = {isa = PBXBuildFile; fileRef = CADA0A5223D2508A003E0636 /* AppDelegate.swift */; };
		CADA0A5523D2508A003E0636 /* SceneDelegate.swift in Sources */ = {isa = PBXBuildFile; fileRef = CADA0A5423D2508A003E0636 /* SceneDelegate.swift */; };
		CADA0A5723D2508A003E0636 /* ViewController.swift in Sources */ = {isa = PBXBuildFile; fileRef = CADA0A5623D2508A003E0636 /* ViewController.swift */; };
		CADA0A5A23D2508A003E0636 /* Main.storyboard in Resources */ = {isa = PBXBuildFile; fileRef = CADA0A5823D2508A003E0636 /* Main.storyboard */; };
		CADA0A5C23D25090003E0636 /* Assets.xcassets in Resources */ = {isa = PBXBuildFile; fileRef = CADA0A5B23D25090003E0636 /* Assets.xcassets */; };
		CADA0A5F23D25090003E0636 /* LaunchScreen.storyboard in Resources */ = {isa = PBXBuildFile; fileRef = CADA0A5D23D25090003E0636 /* LaunchScreen.storyboard */; };
/* End PBXBuildFile section */

/* Begin PBXFileReference section */
		CA47C1AE23D39C7C00302576 /* PriceManager.swift */ = {isa = PBXFileReference; lastKnownFileType = sourcecode.swift; path = PriceManager.swift; sourceTree = "<group>"; };
		CA47C1B023D3A17700302576 /* PriceModel.swift */ = {isa = PBXFileReference; lastKnownFileType = sourcecode.swift; path = PriceModel.swift; sourceTree = "<group>"; };
		CA47C1B223D3A19B00302576 /* PriceData.swift */ = {isa = PBXFileReference; lastKnownFileType = sourcecode.swift; path = PriceData.swift; sourceTree = "<group>"; };
		CADA0A4F23D2508A003E0636 /* BitCoinPrice.app */ = {isa = PBXFileReference; explicitFileType = wrapper.application; includeInIndex = 0; path = BitCoinPrice.app; sourceTree = BUILT_PRODUCTS_DIR; };
		CADA0A5223D2508A003E0636 /* AppDelegate.swift */ = {isa = PBXFileReference; lastKnownFileType = sourcecode.swift; path = AppDelegate.swift; sourceTree = "<group>"; };
		CADA0A5423D2508A003E0636 /* SceneDelegate.swift */ = {isa = PBXFileReference; lastKnownFileType = sourcecode.swift; path = SceneDelegate.swift; sourceTree = "<group>"; };
		CADA0A5623D2508A003E0636 /* ViewController.swift */ = {isa = PBXFileReference; lastKnownFileType = sourcecode.swift; path = ViewController.swift; sourceTree = "<group>"; };
		CADA0A5923D2508A003E0636 /* Base */ = {isa = PBXFileReference; lastKnownFileType = file.storyboard; name = Base; path = Base.lproj/Main.storyboard; sourceTree = "<group>"; };
		CADA0A5B23D25090003E0636 /* Assets.xcassets */ = {isa = PBXFileReference; lastKnownFileType = folder.assetcatalog; path = Assets.xcassets; sourceTree = "<group>"; };
		CADA0A5E23D25090003E0636 /* Base */ = {isa = PBXFileReference; lastKnownFileType = file.storyboard; name = Base; path = Base.lproj/LaunchScreen.storyboard; sourceTree = "<group>"; };
		CADA0A6023D25090003E0636 /* Info.plist */ = {isa = PBXFileReference; lastKnownFileType = text.plist.xml; path = Info.plist; sourceTree = "<group>"; };
/* End PBXFileReference section */

/* Begin PBXFrameworksBuildPhase section */
		CADA0A4C23D2508A003E0636 /* Frameworks */ = {
			isa = PBXFrameworksBuildPhase;
			buildActionMask = 2147483647;
			files = (
			);
			runOnlyForDeploymentPostprocessing = 0;
		};
/* End PBXFrameworksBuildPhase section */

/* Begin PBXGroup section */
		CA47C1AB23D3956100302576 /* Controller */ = {
			isa = PBXGroup;
			children = (
				CADA0A5623D2508A003E0636 /* ViewController.swift */,
			);
			path = Controller;
			sourceTree = "<group>";
		};
		CA47C1AC23D3957E00302576 /* View */ = {
			isa = PBXGroup;
			children = (
				CADA0A5823D2508A003E0636 /* Main.storyboard */,
			);
			path = View;
			sourceTree = "<group>";
		};
		CA47C1AD23D3959800302576 /* Model */ = {
			isa = PBXGroup;
			children = (
				CA47C1AE23D39C7C00302576 /* PriceManager.swift */,
				CA47C1B023D3A17700302576 /* PriceModel.swift */,
				CA47C1B223D3A19B00302576 /* PriceData.swift */,
			);
			path = Model;
			sourceTree = "<group>";
		};
		CADA0A4623D2508A003E0636 = {
			isa = PBXGroup;
			children = (
				CADA0A5123D2508A003E0636 /* BitCoinPrice */,
				CADA0A5023D2508A003E0636 /* Products */,
			);
			sourceTree = "<group>";
		};
		CADA0A5023D2508A003E0636 /* Products */ = {
			isa = PBXGroup;
			children = (
				CADA0A4F23D2508A003E0636 /* BitCoinPrice.app */,
			);
			name = Products;
			sourceTree = "<group>";
		};
		CADA0A5123D2508A003E0636 /* BitCoinPrice */ = {
			isa = PBXGroup;
			children = (
				CADA0A5223D2508A003E0636 /* AppDelegate.swift */,
				CADA0A5423D2508A003E0636 /* SceneDelegate.swift */,
				CA47C1AD23D3959800302576 /* Model */,
				CA47C1AC23D3957E00302576 /* View */,
				CA47C1AB23D3956100302576 /* Controller */,
				CADA0A5B23D25090003E0636 /* Assets.xcassets */,
				CADA0A5D23D25090003E0636 /* LaunchScreen.storyboard */,
				CADA0A6023D25090003E0636 /* Info.plist */,
			);
			path = BitCoinPrice;
			sourceTree = "<group>";
		};
/* End PBXGroup section */

/* Begin PBXNativeTarget section */
		CADA0A4E23D2508A003E0636 /* BitCoinPrice */ = {
			isa = PBXNativeTarget;
			buildConfigurationList = CADA0A6323D25090003E0636 /* Build configuration list for PBXNativeTarget "BitCoinPrice" */;
			buildPhases = (
				CADA0A4B23D2508A003E0636 /* Sources */,
				CADA0A4C23D2508A003E0636 /* Frameworks */,
				CADA0A4D23D2508A003E0636 /* Resources */,
			);
			buildRules = (
			);
			dependencies = (
			);
			name = BitCoinPrice;
			productName = BitCoinPrice;
			productReference = CADA0A4F23D2508A003E0636 /* BitCoinPrice.app */;
			productType = "com.apple.product-type.application";
		};
/* End PBXNativeTarget section */

/* Begin PBXProject section */
		CADA0A4723D2508A003E0636 /* Project object */ = {
			isa = PBXProject;
			attributes = {
				LastSwiftUpdateCheck = 1130;
				LastUpgradeCheck = 1130;
				ORGANIZATIONNAME = Poseidon;
				TargetAttributes = {
					CADA0A4E23D2508A003E0636 = {
						CreatedOnToolsVersion = 11.3.1;
					};
				};
			};
			buildConfigurationList = CADA0A4A23D2508A003E0636 /* Build configuration list for PBXProject "BitCoinPrice" */;
			compatibilityVersion = "Xcode 9.3";
			developmentRegion = en;
			hasScannedForEncodings = 0;
			knownRegions = (
				en,
				Base,
			);
			mainGroup = CADA0A4623D2508A003E0636;
			productRefGroup = CADA0A5023D2508A003E0636 /* Products */;
			projectDirPath = "";
			projectRoot = "";
			targets = (
				CADA0A4E23D2508A003E0636 /* BitCoinPrice */,
			);
		};
/* End PBXProject section */

/* Begin PBXResourcesBuildPhase section */
		CADA0A4D23D2508A003E0636 /* Resources */ = {
			isa = PBXResourcesBuildPhase;
			buildActionMask = 2147483647;
			files = (
				CADA0A5F23D25090003E0636 /* LaunchScreen.storyboard in Resources */,
				CADA0A5C23D25090003E0636 /* Assets.xcassets in Resources */,
				CADA0A5A23D2508A003E0636 /* Main.storyboard in Resources */,
			);
			runOnlyForDeploymentPostprocessing = 0;
		};
/* End PBXResourcesBuildPhase section */

/* Begin PBXSourcesBuildPhase section */
		CADA0A4B23D2508A003E0636 /* Sources */ = {
			isa = PBXSourcesBuildPhase;
			buildActionMask = 2147483647;
			files = (
				CADA0A5723D2508A003E0636 /* ViewController.swift in Sources */,
				CA47C1B323D3A19B00302576 /* PriceData.swift in Sources */,
				CADA0A5323D2508A003E0636 /* AppDelegate.swift in Sources */,
				CADA0A5523D2508A003E0636 /* SceneDelegate.swift in Sources */,
				CA47C1AF23D39C7C00302576 /* PriceManager.swift in Sources */,
				CA47C1B123D3A17700302576 /* PriceModel.swift in Sources */,
			);
			runOnlyForDeploymentPostprocessing = 0;
		};
/* End PBXSourcesBuildPhase section */

/* Begin PBXVariantGroup section */
		CADA0A5823D2508A003E0636 /* Main.storyboard */ = {
			isa = PBXVariantGroup;
			children = (
				CADA0A5923D2508A003E0636 /* Base */,
			);
			name = Main.storyboard;
			sourceTree = "<group>";
		};
		CADA0A5D23D25090003E0636 /* LaunchScreen.storyboard */ = {
			isa = PBXVariantGroup;
			children = (
				CADA0A5E23D25090003E0636 /* Base */,
			);
			name = LaunchScreen.storyboard;
			sourceTree = "<group>";
		};
/* End PBXVariantGroup section */

/* Begin XCBuildConfiguration section */
		CADA0A6123D25090003E0636 /* Debug */ = {
			isa = XCBuildConfiguration;
			buildSettings = {
				ALWAYS_SEARCH_USER_PATHS = NO;
				CLANG_ANALYZER_NONNULL = YES;
				CLANG_ANALYZER_NUMBER_OBJECT_CONVERSION = YES_AGGRESSIVE;
				CLANG_CXX_LANGUAGE_STANDARD = "gnu++14";
				CLANG_CXX_LIBRARY = "libc++";
				CLANG_ENABLE_MODULES = YES;
				CLANG_ENABLE_OBJC_ARC = YES;
				CLANG_ENABLE_OBJC_WEAK = YES;
				CLANG_WARN_BLOCK_CAPTURE_AUTORELEASING = YES;
				CLANG_WARN_BOOL_CONVERSION = YES;
				CLANG_WARN_COMMA = YES;
				CLANG_WARN_CONSTANT_CONVERSION = YES;
				CLANG_WARN_DEPRECATED_OBJC_IMPLEMENTATIONS = YES;
				CLANG_WARN_DIRECT_OBJC_ISA_USAGE = YES_ERROR;
				CLANG_WARN_DOCUMENTATION_COMMENTS = YES;
				CLANG_WARN_EMPTY_BODY = YES;
				CLANG_WARN_ENUM_CONVERSION = YES;
				CLANG_WARN_INFINITE_RECURSION = YES;
				CLANG_WARN_INT_CONVERSION = YES;
				CLANG_WARN_NON_LITERAL_NULL_CONVERSION = YES;
				CLANG_WARN_OBJC_IMPLICIT_RETAIN_SELF = YES;
				CLANG_WARN_OBJC_LITERAL_CONVERSION = YES;
				CLANG_WARN_OBJC_ROOT_CLASS = YES_ERROR;
				CLANG_WARN_RANGE_LOOP_ANALYSIS = YES;
				CLANG_WARN_STRICT_PROTOTYPES = YES;
				CLANG_WARN_SUSPICIOUS_MOVE = YES;
				CLANG_WARN_UNGUARDED_AVAILABILITY = YES_AGGRESSIVE;
				CLANG_WARN_UNREACHABLE_CODE = YES;
				CLANG_WARN__DUPLICATE_METHOD_MATCH = YES;
				COPY_PHASE_STRIP = NO;
				DEBUG_INFORMATION_FORMAT = dwarf;
				ENABLE_STRICT_OBJC_MSGSEND = YES;
				ENABLE_TESTABILITY = YES;
				GCC_C_LANGUAGE_STANDARD = gnu11;
				GCC_DYNAMIC_NO_PIC = NO;
				GCC_NO_COMMON_BLOCKS = YES;
				GCC_OPTIMIZATION_LEVEL = 0;
				GCC_PREPROCESSOR_DEFINITIONS = (
					"DEBUG=1",
					"$(inherited)",
				);
				GCC_WARN_64_TO_32_BIT_CONVERSION = YES;
				GCC_WARN_ABOUT_RETURN_TYPE = YES_ERROR;
				GCC_WARN_UNDECLARED_SELECTOR = YES;
				GCC_WARN_UNINITIALIZED_AUTOS = YES_AGGRESSIVE;
				GCC_WARN_UNUSED_FUNCTION = YES;
				GCC_WARN_UNUSED_VARIABLE = YES;
				IPHONEOS_DEPLOYMENT_TARGET = 13.2;
				MTL_ENABLE_DEBUG_INFO = INCLUDE_SOURCE;
				MTL_FAST_MATH = YES;
				ONLY_ACTIVE_ARCH = YES;
				SDKROOT = iphoneos;
				SWIFT_ACTIVE_COMPILATION_CONDITIONS = DEBUG;
				SWIFT_OPTIMIZATION_LEVEL = "-Onone";
			};
			name = Debug;
		};
		CADA0A6223D25090003E0636 /* Release */ = {
			isa = XCBuildConfiguration;
			buildSettings = {
				ALWAYS_SEARCH_USER_PATHS = NO;
				CLANG_ANALYZER_NONNULL = YES;
				CLANG_ANALYZER_NUMBER_OBJECT_CONVERSION = YES_AGGRESSIVE;
				CLANG_CXX_LANGUAGE_STANDARD = "gnu++14";
				CLANG_CXX_LIBRARY = "libc++";
				CLANG_ENABLE_MODULES = YES;
				CLANG_ENABLE_OBJC_ARC = YES;
				CLANG_ENABLE_OBJC_WEAK = YES;
				CLANG_WARN_BLOCK_CAPTURE_AUTORELEASING = YES;
				CLANG_WARN_BOOL_CONVERSION = YES;
				CLANG_WARN_COMMA = YES;
				CLANG_WARN_CONSTANT_CONVERSION = YES;
				CLANG_WARN_DEPRECATED_OBJC_IMPLEMENTATIONS = YES;
				CLANG_WARN_DIRECT_OBJC_ISA_USAGE = YES_ERROR;
				CLANG_WARN_DOCUMENTATION_COMMENTS = YES;
				CLANG_WARN_EMPTY_BODY = YES;
				CLANG_WARN_ENUM_CONVERSION = YES;
				CLANG_WARN_INFINITE_RECURSION = YES;
				CLANG_WARN_INT_CONVERSION = YES;
				CLANG_WARN_NON_LITERAL_NULL_CONVERSION = YES;
				CLANG_WARN_OBJC_IMPLICIT_RETAIN_SELF = YES;
				CLANG_WARN_OBJC_LITERAL_CONVERSION = YES;
				CLANG_WARN_OBJC_ROOT_CLASS = YES_ERROR;
				CLANG_WARN_RANGE_LOOP_ANALYSIS = YES;
				CLANG_WARN_STRICT_PROTOTYPES = YES;
				CLANG_WARN_SUSPICIOUS_MOVE = YES;
				CLANG_WARN_UNGUARDED_AVAILABILITY = YES_AGGRESSIVE;
				CLANG_WARN_UNREACHABLE_CODE = YES;
				CLANG_WARN__DUPLICATE_METHOD_MATCH = YES;
				COPY_PHASE_STRIP = NO;
				DEBUG_INFORMATION_FORMAT = "dwarf-with-dsym";
				ENABLE_NS_ASSERTIONS = NO;
				ENABLE_STRICT_OBJC_MSGSEND = YES;
				GCC_C_LANGUAGE_STANDARD = gnu11;
				GCC_NO_COMMON_BLOCKS = YES;
				GCC_WARN_64_TO_32_BIT_CONVERSION = YES;
				GCC_WARN_ABOUT_RETURN_TYPE = YES_ERROR;
				GCC_WARN_UNDECLARED_SELECTOR = YES;
				GCC_WARN_UNINITIALIZED_AUTOS = YES_AGGRESSIVE;
				GCC_WARN_UNUSED_FUNCTION = YES;
				GCC_WARN_UNUSED_VARIABLE = YES;
				IPHONEOS_DEPLOYMENT_TARGET = 13.2;
				MTL_ENABLE_DEBUG_INFO = NO;
				MTL_FAST_MATH = YES;
				SDKROOT = iphoneos;
				SWIFT_COMPILATION_MODE = wholemodule;
				SWIFT_OPTIMIZATION_LEVEL = "-O";
				VALIDATE_PRODUCT = YES;
			};
			name = Release;
		};
		CADA0A6423D25090003E0636 /* Debug */ = {
			isa = XCBuildConfiguration;
			buildSettings = {
				ASSETCATALOG_COMPILER_APPICON_NAME = AppIcon;
				CODE_SIGN_STYLE = Automatic;
				DEVELOPMENT_TEAM = C6J67PTCV9;
				INFOPLIST_FILE = BitCoinPrice/Info.plist;
				LD_RUNPATH_SEARCH_PATHS = (
					"$(inherited)",
					"@executable_path/Frameworks",
				);
				PRODUCT_BUNDLE_IDENTIFIER = com.poseidon.BitCoinPrice;
				PRODUCT_NAME = "$(TARGET_NAME)";
				SWIFT_VERSION = 5.0;
				TARGETED_DEVICE_FAMILY = "1,2";
			};
			name = Debug;
		};
		CADA0A6523D25090003E0636 /* Release */ = {
			isa = XCBuildConfiguration;
			buildSettings = {
				ASSETCATALOG_COMPILER_APPICON_NAME = AppIcon;
				CODE_SIGN_STYLE = Automatic;
				DEVELOPMENT_TEAM = C6J67PTCV9;
				INFOPLIST_FILE = BitCoinPrice/Info.plist;
				LD_RUNPATH_SEARCH_PATHS = (
					"$(inherited)",
					"@executable_path/Frameworks",
				);
				PRODUCT_BUNDLE_IDENTIFIER = com.poseidon.BitCoinPrice;
				PRODUCT_NAME = "$(TARGET_NAME)";
				SWIFT_VERSION = 5.0;
				TARGETED_DEVICE_FAMILY = "1,2";
			};
			name = Release;
		};
/* End XCBuildConfiguration section */

/* Begin XCConfigurationList section */
		CADA0A4A23D2508A003E0636 /* Build configuration list for PBXProject "BitCoinPrice" */ = {
			isa = XCConfigurationList;
			buildConfigurations = (
				CADA0A6123D25090003E0636 /* Debug */,
				CADA0A6223D25090003E0636 /* Release */,
			);
			defaultConfigurationIsVisible = 0;
			defaultConfigurationName = Release;
		};
		CADA0A6323D25090003E0636 /* Build configuration list for PBXNativeTarget "BitCoinPrice" */ = {
			isa = XCConfigurationList;
			buildConfigurations = (
				CADA0A6423D25090003E0636 /* Debug */,
				CADA0A6523D25090003E0636 /* Release */,
			);
			defaultConfigurationIsVisible = 0;
			defaultConfigurationName = Release;
		};
/* End XCConfigurationList section */
	};
	rootObject = CADA0A4723D2508A003E0636 /* Project object */;
}
